
Microsoft Visual Studio Solution File, Format Version 12.00
# Visual Studio Version 16
VisualStudioVersion = 16.0.808.0
MinimumVisualStudioVersion = 10.0.40219.1
Project("{FAE04EC0-301F-11D3-BF4B-00C04F79EFBC}") = "Sixth", "Sixth.csproj", "{A0D00E92-B606-4DA5-ABAF-F0D04446AEFA}"
EndProject
Global
	GlobalSection(SolutionConfigurationPlatforms) = preSolution
		Debug|anycpu = Debug|anycpu
		Release|anycpu = Release|anycpu
	EndGlobalSection
	GlobalSection(ProjectConfigurationPlatforms) = postSolution
		{A0D00E92-B606-4DA5-ABAF-F0D04446AEFA}.Debug|anycpu.ActiveCfg = Debug|anycpu
		{A0D00E92-B606-4DA5-ABAF-F0D04446AEFA}.Debug|anycpu.Build.0 = Debug|anycpu
		{A0D00E92-B606-4DA5-ABAF-F0D04446AEFA}.Release|anycpu.ActiveCfg = Release|anycpu
		{A0D00E92-B606-4DA5-ABAF-F0D04446AEFA}.Release|anycpu.Build.0 = Release|anycpu
	EndGlobalSection
	GlobalSection(SolutionProperties) = preSolution
		HideSolutionNode = FALSE
	EndGlobalSection
	GlobalSection(ExtensibilityGlobals) = postSolution
		SolutionGuid = {29BCF902-B77F-484F-987D-42CDC4B1FE0F}
	EndGlobalSection
EndGlobal
